#MicroXplorer Configuration settings - do not modify
Mcu.Family=STM32WB
VP_RTC_VS_RTC_Activate.Signal=RTC_VS_RTC_Activate
ProjectManager.MainLocation=Core/Src
PCC.Ble.Mode=NOT_SELECTED
PC15-OSC32_OUT.Mode=LSE-External-Oscillator
PA6.Mode=Full_Duplex_Master
RCC.PLLQoutputFreq_Value=16000000
RCC.USART1Freq_Value=4000000
ProjectManager.ProjectFileName=stm32wb55rg.ioc
RCC.SMPSFreq_Value=4000000
RCC.SAI1Freq_Value=16000000
RCC.CortexFreq_Value=4000000
PA7.Mode=Full_Duplex_Master
ProjectManager.KeepUserCode=true
Mcu.UserName=STM32WB55RGVx
Mcu.PinsNb=10
SPI1.VirtualType=VM_MASTER
ProjectManager.NoMain=false
SPI1.IPParameters=VirtualType,Mode,Direction,CalculateBaudRate,DataSize
RCC.RFWKPFreq_Value=244.140625
RCC.HCLK3Freq_Value=4000000
RCC.PLLSAI1RoutputFreq_Value=16000000
ProjectManager.functionlistsort=1-MX_GPIO_Init-GPIO-false-HAL-true,2-SystemClock_Config-RCC-false-HAL-false,3-MX_USART1_UART_Init-USART1-false-HAL-true,4-MX_RTC_Init-RTC-false-HAL-true,5-MX_SPI1_Init-SPI1-false-HAL-true
VP_RTC_VS_RTC_Activate.Mode=RTC_Enabled
RCC.RTCFreq_Value=32768
ProjectManager.DefaultFWLocation=true
VP_RTC_VS_RTC_Calendar.Signal=RTC_VS_RTC_Calendar
ProjectManager.DeletePrevious=true
RCC.HCLK2Freq_Value=4000000
USART1.IPParameters=VirtualMode-Asynchronous
PC14-OSC32_IN.Signal=RCC_OSC32_IN
PinOutPanel.RotationAngle=0
RCC.FamilyName=M
RCC.MCO1PinFreq_Value=4000000
ProjectManager.StackSize=0x400
RCC.I2C3Freq_Value=4000000
RCC.LPTIM1Freq_Value=4000000
USART1.VirtualMode-Asynchronous=VM_ASYNC
Mcu.IP4=SYS
RCC.FCLKCortexFreq_Value=4000000
Mcu.IP5=USART1
NVIC.SVCall_IRQn=true\:0\:0\:false\:false\:true\:false\:false
Mcu.IP2=RTC
Mcu.IP3=SPI1
Mcu.IP0=NVIC
Mcu.IP1=RCC
PC15-OSC32_OUT.Locked=true
Mcu.UserConstants=
RCC.VCOSAI1OutputFreq_Value=32000000
ProjectManager.TargetToolchain=EWARM V8.32
Mcu.ThirdPartyNb=0
SPI1.Direction=SPI_DIRECTION_2LINES
RCC.HCLKFreq_Value=4000000
Mcu.IPNb=6
RCC.HCLKRFFreq_Value=16000000
ProjectManager.PreviousToolchain=
RCC.APB2TimFreq_Value=4000000
PCC.Ble.PowerLevel=Min
PB6.Signal=USART1_TX
PB6.Mode=Asynchronous
RTC.IPParameters=Format
SPI1.CalculateBaudRate=2.0 MBits/s
Mcu.Pin6=PB7
RTC.Format=RTC_FORMAT_BIN
Mcu.Pin7=VP_RTC_VS_RTC_Activate
ProjectManager.RegisterCallBack=
Mcu.Pin8=VP_RTC_VS_RTC_Calendar
Mcu.Pin9=VP_SYS_VS_Systick
PC15-OSC32_OUT.Signal=RCC_OSC32_OUT
RCC.AHBFreq_Value=4000000
RCC.PLLSAI1PoutputFreq_Value=16000000
Mcu.Pin0=PC14-OSC32_IN
Mcu.Pin1=PC15-OSC32_OUT
GPIO.groupedBy=
Mcu.Pin2=PA5
Mcu.Pin3=PA6
Mcu.Pin4=PA7
Mcu.Pin5=PB6
PA5.Signal=SPI1_SCK
ProjectManager.ProjectBuild=false
RCC.HSE_VALUE=8000000
NVIC.UsageFault_IRQn=true\:0\:0\:false\:false\:true\:false\:false
RCC.FCLK2Freq_Value=4000000
NVIC.DebugMonitor_IRQn=true\:0\:0\:false\:false\:true\:false\:false
board=custom
RCC.VCOOutputFreq_Value=32000000
RCC.Cortex2Freq_Value=4000000
NVIC.SysTick_IRQn=true\:0\:0\:false\:false\:true\:false\:true
RCC.RTCClockSelection=RCC_RTCCLKSOURCE_LSE
ProjectManager.LastFirmware=true
RCC.SMPS1Freq_Value=8000000
ProjectManager.FirmwarePackage=STM32Cube FW_WB V1.10.0
MxDb.Version=DB.6.0.10
RCC.APB2Freq_Value=4000000
ProjectManager.BackupPrevious=false
MxCube.Version=6.1.0
PC14-OSC32_IN.Mode=LSE-External-Oscillator
RCC.VCOInputFreq_Value=4000000
PCC.Ble.DataLength=6
RCC.I2C1Freq_Value=4000000
SPI1.Mode=SPI_MODE_MASTER
RCC.RNGFreq_Value=32000
RCC.LCDFreq_Value=32768
RCC.PLLSAI1QoutputFreq_Value=16000000
SPI1.DataSize=SPI_DATASIZE_8BIT
File.Version=6
VP_SYS_VS_Systick.Mode=SysTick
PB7.Signal=USART1_RX
NVIC.NonMaskableInt_IRQn=true\:0\:0\:false\:false\:true\:false\:false
RCC.PLLRCLKFreq_Value=16000000
PB6.Locked=true
NVIC.PendSV_IRQn=true\:0\:0\:false\:false\:true\:false\:false
ProjectManager.FreePins=false
RCC.IPParameters=AHBFreq_Value,APB1Freq_Value,APB1TimFreq_Value,APB2Freq_Value,APB2TimFreq_Value,APB3Freq_Value,Cortex2Freq_Value,CortexFreq_Value,FCLK2Freq_Value,FCLKCortexFreq_Value,FamilyName,HCLK2Freq_Value,HCLK3Freq_Value,HCLKFreq_Value,HCLKRFFreq_Value,HSE_VALUE,HSI48_VALUE,HSI_VALUE,I2C1Freq_Value,I2C3Freq_Value,LCDFreq_Value,LPTIM1Freq_Value,LPTIM2Freq_Value,LPUART1Freq_Value,LSCOPinFreq_Value,LSI_VALUE,MCO1PinFreq_Value,PLLPoutputFreq_Value,PLLQoutputFreq_Value,PLLRCLKFreq_Value,PLLSAI1PoutputFreq_Value,PLLSAI1QoutputFreq_Value,PLLSAI1RoutputFreq_Value,PWRFreq_Value,RFWKPFreq_Value,RNGFreq_Value,RTCClockSelection,RTCFreq_Value,SAI1Freq_Value,SMPS1Freq_Value,SMPSFreq_Value,SYSCLKFreq_VALUE,USART1Freq_Value,VCOInputFreq_Value,VCOOutputFreq_Value,VCOSAI1OutputFreq_Value
ProjectManager.AskForMigrate=true
Mcu.Name=STM32WB55RGVx
RCC.LPTIM2Freq_Value=4000000
ProjectManager.HalAssertFull=false
ProjectManager.ProjectName=stm32wb55rg
ProjectManager.UnderRoot=false
RCC.APB3Freq_Value=16000000
ProjectManager.CoupleFile=false
RCC.SYSCLKFreq_VALUE=4000000
Mcu.Package=VFQFPN68
PA6.Signal=SPI1_MISO
PA5.Locked=true
PA7.Locked=true
PCC.Ble.ConnectionInterval=1000.0
NVIC.ForceEnableDMAVector=true
KeepUserPlacement=false
NVIC.MemoryManagement_IRQn=true\:0\:0\:false\:false\:true\:false\:false
ProjectManager.CompilerOptimize=6
ProjectManager.ToolChainLocation=
RCC.LSI_VALUE=32000
VP_SYS_VS_Systick.Signal=SYS_VS_Systick
PB7.Mode=Asynchronous
RCC.LSCOPinFreq_Value=32000
VP_RTC_VS_RTC_Calendar.Mode=RTC_Calendar
ProjectManager.HeapSize=0x200
NVIC.HardFault_IRQn=true\:0\:0\:false\:false\:true\:false\:false
ProjectManager.ComputerToolchain=false
RCC.HSI_VALUE=16000000
NVIC.PriorityGroup=NVIC_PRIORITYGROUP_4
RCC.PLLPoutputFreq_Value=16000000
PB7.Locked=true
RCC.APB1TimFreq_Value=4000000
NVIC.BusFault_IRQn=true\:0\:0\:false\:false\:true\:false\:false
RCC.PWRFreq_Value=4000000
RCC.LPUART1Freq_Value=4000000
RCC.APB1Freq_Value=4000000
ProjectManager.CustomerFirmwarePackage=
ProjectManager.DeviceId=STM32WB55RGVx
PC14-OSC32_IN.Locked=true
ProjectManager.LibraryCopy=0
RCC.HSI48_VALUE=48000000
PA5.Mode=Full_Duplex_Master
PA7.Signal=SPI1_MOSI
PA6.Locked=true
